// !$*UTF8*$!
{
	archiveVersion = 1;
	classes = {
	};
	objectVersion = 46;
	objects = {

/* Begin PBXBuildFile section */
		145E88781D73F1DA00C43FA8 /* AppDelegate.swift in Sources */ = {isa = PBXBuildFile; fileRef = 145E88771D73F1DA00C43FA8 /* AppDelegate.swift */; };
		145E887A1D73F1DA00C43FA8 /* ViewController.swift in Sources */ = {isa = PBXBuildFile; fileRef = 145E88791D73F1DA00C43FA8 /* ViewController.swift */; };
		145E887D1D73F1DA00C43FA8 /* Main.storyboard in Resources */ = {isa = PBXBuildFile; fileRef = 145E887B1D73F1DA00C43FA8 /* Main.storyboard */; };
		145E887F1D73F1DA00C43FA8 /* Assets.xcassets in Resources */ = {isa = PBXBuildFile; fileRef = 145E887E1D73F1DA00C43FA8 /* Assets.xcassets */; };
		145E88821D73F1DA00C43FA8 /* LaunchScreen.storyboard in Resources */ = {isa = PBXBuildFile; fileRef = 145E88801D73F1DA00C43FA8 /* LaunchScreen.storyboard */; };
/* End PBXBuildFile section */

/* Begin PBXFileReference section */
		145E88741D73F1DA00C43FA8 /* helloPush_Swift3.app */ = {isa = PBXFileReference; explicitFileType = wrapper.application; includeInIndex = 0; path = helloPush_Swift3.app; sourceTree = BUILT_PRODUCTS_DIR; };
		145E88771D73F1DA00C43FA8 /* AppDelegate.swift */ = {isa = PBXFileReference; lastKnownFileType = sourcecode.swift; path = AppDelegate.swift; sourceTree = "<group>"; };
		145E88791D73F1DA00C43FA8 /* ViewController.swift */ = {isa = PBXFileReference; lastKnownFileType = sourcecode.swift; path = ViewController.swift; sourceTree = "<group>"; };
		145E887C1D73F1DA00C43FA8 /* Base */ = {isa = PBXFileReference; lastKnownFileType = file.storyboard; name = Base; path = Base.lproj/Main.storyboard; sourceTree = "<group>"; };
		145E887E1D73F1DA00C43FA8 /* Assets.xcassets */ = {isa = PBXFileReference; lastKnownFileType = folder.assetcatalog; path = Assets.xcassets; sourceTree = "<group>"; };
		145E88811D73F1DA00C43FA8 /* Base */ = {isa = PBXFileReference; lastKnownFileType = file.storyboard; name = Base; path = Base.lproj/LaunchScreen.storyboard; sourceTree = "<group>"; };
		145E88831D73F1DA00C43FA8 /* Info.plist */ = {isa = PBXFileReference; lastKnownFileType = text.plist.xml; path = Info.plist; sourceTree = "<group>"; };
/* End PBXFileReference section */

/* Begin PBXFrameworksBuildPhase section */
		145E88711D73F1DA00C43FA8 /* Frameworks */ = {
			isa = PBXFrameworksBuildPhase;
			buildActionMask = 2147483647;
			files = (
			);
			runOnlyForDeploymentPostprocessing = 0;
		};
/* End PBXFrameworksBuildPhase section */

/* Begin PBXGroup section */
		145E886B1D73F1DA00C43FA8 = {
			isa = PBXGroup;
			children = (
				145E88761D73F1DA00C43FA8 /* helloPush_Swift3 */,
				145E88751D73F1DA00C43FA8 /* Products */,
			);
			sourceTree = "<group>";
		};
		145E88751D73F1DA00C43FA8 /* Products */ = {
			isa = PBXGroup;
			children = (
				145E88741D73F1DA00C43FA8 /* helloPush_Swift3.app */,
			);
			name = Products;
			sourceTree = "<group>";
		};
		145E88761D73F1DA00C43FA8 /* helloPush_Swift3 */ = {
			isa = PBXGroup;
			children = (
				145E88771D73F1DA00C43FA8 /* AppDelegate.swift */,
				145E88791D73F1DA00C43FA8 /* ViewController.swift */,
				145E887B1D73F1DA00C43FA8 /* Main.storyboard */,
				145E887E1D73F1DA00C43FA8 /* Assets.xcassets */,
				145E88801D73F1DA00C43FA8 /* LaunchScreen.storyboard */,
				145E88831D73F1DA00C43FA8 /* Info.plist */,
			);
			path = helloPush_Swift3;
			sourceTree = "<group>";
		};
/* End PBXGroup section */

/* Begin PBXNativeTarget section */
		145E88731D73F1DA00C43FA8 /* helloPush_Swift3 */ = {
			isa = PBXNativeTarget;
			buildConfigurationList = 145E88861D73F1DA00C43FA8 /* Build configuration list for PBXNativeTarget "helloPush_Swift3" */;
			buildPhases = (
				145E88701D73F1DA00C43FA8 /* Sources */,
				145E88711D73F1DA00C43FA8 /* Frameworks */,
				145E88721D73F1DA00C43FA8 /* Resources */,
			);
			buildRules = (
			);
			dependencies = (
			);
			name = helloPush_Swift3;
			productName = helloPush_Swift3;
			productReference = 145E88741D73F1DA00C43FA8 /* helloPush_Swift3.app */;
			productType = "com.apple.product-type.application";
		};
/* End PBXNativeTarget section */

/* Begin PBXProject section */
		145E886C1D73F1DA00C43FA8 /* Project object */ = {
			isa = PBXProject;
			attributes = {
				LastSwiftUpdateCheck = 0800;
				LastUpgradeCheck = 0800;
				ORGANIZATIONNAME = Ananth;
				TargetAttributes = {
					145E88731D73F1DA00C43FA8 = {
						CreatedOnToolsVersion = 8.0;
						DevelopmentTeam = TN6YQNGLXP;
						ProvisioningStyle = Manual;
					};
				};
			};
			buildConfigurationList = 145E886F1D73F1DA00C43FA8 /* Build configuration list for PBXProject "helloPush_Swift3" */;
			compatibilityVersion = "Xcode 3.2";
			developmentRegion = English;
			hasScannedForEncodings = 0;
			knownRegions = (
				en,
				Base,
			);
			mainGroup = 145E886B1D73F1DA00C43FA8;
			productRefGroup = 145E88751D73F1DA00C43FA8 /* Products */;
			projectDirPath = "";
			projectRoot = "";
			targets = (
				145E88731D73F1DA00C43FA8 /* helloPush_Swift3 */,
			);
		};
/* End PBXProject section */

/* Begin PBXResourcesBuildPhase section */
		145E88721D73F1DA00C43FA8 /* Resources */ = {
			isa = PBXResourcesBuildPhase;
			buildActionMask = 2147483647;
			files = (
				145E88821D73F1DA00C43FA8 /* LaunchScreen.storyboard in Resources */,
				145E887F1D73F1DA00C43FA8 /* Assets.xcassets in Resources */,
				145E887D1D73F1DA00C43FA8 /* Main.storyboard in Resources */,
			);
			runOnlyForDeploymentPostprocessing = 0;
		};
/* End PBXResourcesBuildPhase section */

/* Begin PBXSourcesBuildPhase section */
		145E88701D73F1DA00C43FA8 /* Sources */ = {
			isa = PBXSourcesBuildPhase;
			buildActionMask = 2147483647;
			files = (
				145E887A1D73F1DA00C43FA8 /* ViewController.swift in Sources */,
				145E88781D73F1DA00C43FA8 /* AppDelegate.swift in Sources */,
			);
			runOnlyForDeploymentPostprocessing = 0;
		};
/* End PBXSourcesBuildPhase section */

/* Begin PBXVariantGroup section */
		145E887B1D73F1DA00C43FA8 /* Main.storyboard */ = {
			isa = PBXVariantGroup;
			children = (
				145E887C1D73F1DA00C43FA8 /* Base */,
			);
			name = Main.storyboard;
			sourceTree = "<group>";
		};
		145E88801D73F1DA00C43FA8 /* LaunchScreen.storyboard */ = {
			isa = PBXVariantGroup;
			children = (
				145E88811D73F1DA00C43FA8 /* Base */,
			);
			name = LaunchScreen.storyboard;
			sourceTree = "<group>";
		};
/* End PBXVariantGroup section */

/* Begin XCBuildConfiguration section */
		145E88841D73F1DA00C43FA8 /* Debug */ = {
			isa = XCBuildConfiguration;
			buildSettings = {
				ALWAYS_SEARCH_USER_PATHS = NO;
				CLANG_ANALYZER_NONNULL = YES;
				CLANG_CXX_LANGUAGE_STANDARD = "gnu++0x";
				CLANG_CXX_LIBRARY = "libc++";
				CLANG_ENABLE_MODULES = YES;
				CLANG_ENABLE_OBJC_ARC = YES;
				CLANG_WARN_BOOL_CONVERSION = YES;
				CLANG_WARN_CONSTANT_CONVERSION = YES;
				CLANG_WARN_DIRECT_OBJC_ISA_USAGE = YES_ERROR;
				CLANG_WARN_DOCUMENTATION_COMMENTS = YES;
				CLANG_WARN_EMPTY_BODY = YES;
				CLANG_WARN_ENUM_CONVERSION = YES;
				CLANG_WARN_INFINITE_RECURSION = YES;
				CLANG_WARN_INT_CONVERSION = YES;
				CLANG_WARN_OBJC_ROOT_CLASS = YES_ERROR;
				CLANG_WARN_SUSPICIOUS_MOVES = YES;
				CLANG_WARN_UNREACHABLE_CODE = YES;
				CLANG_WARN__DUPLICATE_METHOD_MATCH = YES;
				CODE_SIGN_IDENTITY = "iPhone Developer: Anantha Krishnan K G (6ADZ6AJGXG)";
				"CODE_SIGN_IDENTITY[sdk=iphoneos*]" = "iPhone Developer: Anantha Krishnan K G (6ADZ6AJGXG)";
				COPY_PHASE_STRIP = NO;
				DEBUG_INFORMATION_FORMAT = dwarf;
				DEVELOPMENT_TEAM = TN6YQNGLXP;
				ENABLE_STRICT_OBJC_MSGSEND = YES;
				ENABLE_TESTABILITY = YES;
				GCC_C_LANGUAGE_STANDARD = gnu99;
				GCC_DYNAMIC_NO_PIC = NO;
				GCC_NO_COMMON_BLOCKS = YES;
				GCC_OPTIMIZATION_LEVEL = 0;
				GCC_PREPROCESSOR_DEFINITIONS = (
					"DEBUG=1",
					"$(inherited)",
				);
				GCC_WARN_64_TO_32_BIT_CONVERSION = YES;
				GCC_WARN_ABOUT_RETURN_TYPE = YES_ERROR;
				GCC_WARN_UNDECLARED_SELECTOR = YES;
				GCC_WARN_UNINITIALIZED_AUTOS = YES_AGGRESSIVE;
				GCC_WARN_UNUSED_FUNCTION = YES;
				GCC_WARN_UNUSED_VARIABLE = YES;
				IPHONEOS_DEPLOYMENT_TARGET = 10.0;
				MTL_ENABLE_DEBUG_INFO = YES;
				ONLY_ACTIVE_ARCH = YES;
				PROVISIONING_PROFILE = "49e07a4a-33cc-497a-8465-db23a34a8eca";
				SDKROOT = iphoneos;
				SWIFT_ACTIVE_COMPILATION_CONDITIONS = DEBUG;
				SWIFT_OPTIMIZATION_LEVEL = "-Onone";
				TARGETED_DEVICE_FAMILY = "1,2";
			};
			name = Debug;
		};
		145E88851D73F1DA00C43FA8 /* Release */ = {
			isa = XCBuildConfiguration;
			buildSettings = {
				ALWAYS_SEARCH_USER_PATHS = NO;
				CLANG_ANALYZER_NONNULL = YES;
				CLANG_CXX_LANGUAGE_STANDARD = "gnu++0x";
				CLANG_CXX_LIBRARY = "libc++";
				CLANG_ENABLE_MODULES = YES;
				CLANG_ENABLE_OBJC_ARC = YES;
				CLANG_WARN_BOOL_CONVERSION = YES;
				CLANG_WARN_CONSTANT_CONVERSION = YES;
				CLANG_WARN_DIRECT_OBJC_ISA_USAGE = YES_ERROR;
				CLANG_WARN_DOCUMENTATION_COMMENTS = YES;
				CLANG_WARN_EMPTY_BODY = YES;
				CLANG_WARN_ENUM_CONVERSION = YES;
				CLANG_WARN_INFINITE_RECURSION = YES;
				CLANG_WARN_INT_CONVERSION = YES;
				CLANG_WARN_OBJC_ROOT_CLASS = YES_ERROR;
				CLANG_WARN_SUSPICIOUS_MOVES = YES;
				CLANG_WARN_UNREACHABLE_CODE = YES;
				CLANG_WARN__DUPLICATE_METHOD_MATCH = YES;
				CODE_SIGN_IDENTITY = "iPhone Developer: Anantha Krishnan K G (6ADZ6AJGXG)";
				"CODE_SIGN_IDENTITY[sdk=iphoneos*]" = "iPhone Developer: Anantha Krishnan K G (6ADZ6AJGXG)";
				COPY_PHASE_STRIP = NO;
				DEBUG_INFORMATION_FORMAT = "dwarf-with-dsym";
				DEVELOPMENT_TEAM = TN6YQNGLXP;
				ENABLE_NS_ASSERTIONS = NO;
				ENABLE_STRICT_OBJC_MSGSEND = YES;
				GCC_C_LANGUAGE_STANDARD = gnu99;
				GCC_NO_COMMON_BLOCKS = YES;
				GCC_WARN_64_TO_32_BIT_CONVERSION = YES;
				GCC_WARN_ABOUT_RETURN_TYPE = YES_ERROR;
				GCC_WARN_UNDECLARED_SELECTOR = YES;
				GCC_WARN_UNINITIALIZED_AUTOS = YES_AGGRESSIVE;
				GCC_WARN_UNUSED_FUNCTION = YES;
				GCC_WARN_UNUSED_VARIABLE = YES;
				IPHONEOS_DEPLOYMENT_TARGET = 10.0;
				MTL_ENABLE_DEBUG_INFO = NO;
				PROVISIONING_PROFILE = "49e07a4a-33cc-497a-8465-db23a34a8eca";
				SDKROOT = iphoneos;
				SWIFT_OPTIMIZATION_LEVEL = "-Owholemodule";
				TARGETED_DEVICE_FAMILY = "1,2";
				VALIDATE_PRODUCT = YES;
			};
			name = Release;
		};
		145E88871D73F1DA00C43FA8 /* Debug */ = {
			isa = XCBuildConfiguration;
			buildSettings = {
				ASSETCATALOG_COMPILER_APPICON_NAME = AppIcon;
				CODE_SIGN_IDENTITY = "iPhone Developer: Anantha Krishnan K G (6ADZ6AJGXG)";
				DEVELOPMENT_TEAM = TN6YQNGLXP;
				INFOPLIST_FILE = helloPush_Swift3/Info.plist;
				LD_RUNPATH_SEARCH_PATHS = "$(inherited) @executable_path/Frameworks";
				PRODUCT_BUNDLE_IDENTIFIER = "com.ibm.hellopush-swift3";
				PRODUCT_NAME = "$(TARGET_NAME)";
				PROVISIONING_PROFILE = "49e07a4a-33cc-497a-8465-db23a34a8eca";
				PROVISIONING_PROFILE_SPECIFIER = "Ananth Push development provisioning";
				SWIFT_VERSION = 3.0;
			};
			name = Debug;
		};
		145E88881D73F1DA00C43FA8 /* Release */ = {
			isa = XCBuildConfiguration;
			buildSettings = {
				ASSETCATALOG_COMPILER_APPICON_NAME = AppIcon;
				CODE_SIGN_IDENTITY = "iPhone Developer: Anantha Krishnan K G (6ADZ6AJGXG)";
				DEVELOPMENT_TEAM = TN6YQNGLXP;
				INFOPLIST_FILE = helloPush_Swift3/Info.plist;
				LD_RUNPATH_SEARCH_PATHS = "$(inherited) @executable_path/Frameworks";
				PRODUCT_BUNDLE_IDENTIFIER = "com.ibm.hellopush-swift3";
				PRODUCT_NAME = "$(TARGET_NAME)";
				PROVISIONING_PROFILE = "49e07a4a-33cc-497a-8465-db23a34a8eca";
				PROVISIONING_PROFILE_SPECIFIER = "Ananth Push development provisioning";
				SWIFT_VERSION = 3.0;
			};
			name = Release;
		};
/* End XCBuildConfiguration section */

/* Begin XCConfigurationList section */
		145E886F1D73F1DA00C43FA8 /* Build configuration list for PBXProject "helloPush_Swift3" */ = {
			isa = XCConfigurationList;
			buildConfigurations = (
				145E88841D73F1DA00C43FA8 /* Debug */,
				145E88851D73F1DA00C43FA8 /* Release */,
			);
			defaultConfigurationIsVisible = 0;
			defaultConfigurationName = Release;
		};
		145E88861D73F1DA00C43FA8 /* Build configuration list for PBXNativeTarget "helloPush_Swift3" */ = {
			isa = XCConfigurationList;
			buildConfigurations = (
				145E88871D73F1DA00C43FA8 /* Debug */,
				145E88881D73F1DA00C43FA8 /* Release */,
			);
			defaultConfigurationIsVisible = 0;
			defaultConfigurationName = Release;
		};
/* End XCConfigurationList section */
	};
	rootObject = 145E886C1D73F1DA00C43FA8 /* Project object */;
}
